
Microsoft Visual Studio Solution File, Format Version 12.00
# Visual Studio Version 17
VisualStudioVersion = 17.11.35327.3
MinimumVisualStudioVersion = 10.0.40219.1
Project("{FAE04EC0-301F-11D3-BF4B-00C04F79EFBC}") = "CadParcial2Mbo", "CadParcial2Mbo\CadParcial2Mbo.csproj", "{7F07A267-5E3D-449A-B45F-7EB76E5B7111}"
EndProject
Project("{FAE04EC0-301F-11D3-BF4B-00C04F79EFBC}") = "ClnParcial2Mbo", "ClnParcial2Mbo\ClnParcial2Mbo.csproj", "{CDEF681D-F747-4BBB-81FB-8AD42808718E}"
EndProject
Project("{FAE04EC0-301F-11D3-BF4B-00C04F79EFBC}") = "CpParcial2Mbo", "CpParcial2Mbo\CpParcial2Mbo.csproj", "{55F5BEC1-AAC6-463A-9263-ADA2BF5A0902}"
EndProject
Global
	GlobalSection(SolutionConfigurationPlatforms) = preSolution
		Debug|Any CPU = Debug|Any CPU
		Release|Any CPU = Release|Any CPU
	EndGlobalSection
	GlobalSection(ProjectConfigurationPlatforms) = postSolution
		{7F07A267-5E3D-449A-B45F-7EB76E5B7111}.Debug|Any CPU.ActiveCfg = Debug|Any CPU
		{7F07A267-5E3D-449A-B45F-7EB76E5B7111}.Debug|Any CPU.Build.0 = Debug|Any CPU
		{7F07A267-5E3D-449A-B45F-7EB76E5B7111}.Release|Any CPU.ActiveCfg = Release|Any CPU
		{7F07A267-5E3D-449A-B45F-7EB76E5B7111}.Release|Any CPU.Build.0 = Release|Any CPU
		{CDEF681D-F747-4BBB-81FB-8AD42808718E}.Debug|Any CPU.ActiveCfg = Debug|Any CPU
		{CDEF681D-F747-4BBB-81FB-8AD42808718E}.Debug|Any CPU.Build.0 = Debug|Any CPU
		{CDEF681D-F747-4BBB-81FB-8AD42808718E}.Release|Any CPU.ActiveCfg = Release|Any CPU
		{CDEF681D-F747-4BBB-81FB-8AD42808718E}.Release|Any CPU.Build.0 = Release|Any CPU
		{55F5BEC1-AAC6-463A-9263-ADA2BF5A0902}.Debug|Any CPU.ActiveCfg = Debug|Any CPU
		{55F5BEC1-AAC6-463A-9263-ADA2BF5A0902}.Debug|Any CPU.Build.0 = Debug|Any CPU
		{55F5BEC1-AAC6-463A-9263-ADA2BF5A0902}.Release|Any CPU.ActiveCfg = Release|Any CPU
		{55F5BEC1-AAC6-463A-9263-ADA2BF5A0902}.Release|Any CPU.Build.0 = Release|Any CPU
	EndGlobalSection
	GlobalSection(SolutionProperties) = preSolution
		HideSolutionNode = FALSE
	EndGlobalSection
	GlobalSection(ExtensibilityGlobals) = postSolution
		SolutionGuid = {2789E8CD-2178-42EA-838E-18ACA421C76B}
	EndGlobalSection
EndGlobal
